
Microsoft Visual Studio Solution File, Format Version 12.00
# Visual Studio Version 17
VisualStudioVersion = 17.9.34728.123
MinimumVisualStudioVersion = 10.0.40219.1
Project("{8BC9CEB8-8B4A-11D0-8D11-00A0C91BC942}") = "MT3_00_05", "MT3_00_05.vcxproj", "{66219530-5CAF-405B-BEDD-E787073F8184}"
EndProject
Global
	GlobalSection(SolutionConfigurationPlatforms) = preSolution
		Debug|x64 = Debug|x64
		Release|x64 = Release|x64
	EndGlobalSection
	GlobalSection(ProjectConfigurationPlatforms) = postSolution
		{66219530-5CAF-405B-BEDD-E787073F8184}.Debug|x64.ActiveCfg = Debug|x64
		{66219530-5CAF-405B-BEDD-E787073F8184}.Debug|x64.Build.0 = Debug|x64
		{66219530-5CAF-405B-BEDD-E787073F8184}.Release|x64.ActiveCfg = Release|x64
		{66219530-5CAF-405B-BEDD-E787073F8184}.Release|x64.Build.0 = Release|x64
	EndGlobalSection
	GlobalSection(SolutionProperties) = preSolution
		HideSolutionNode = FALSE
	EndGlobalSection
	GlobalSection(ExtensibilityGlobals) = postSolution
		SolutionGuid = {BE2D97CF-943E-4788-97EB-45224B6874D3}
	EndGlobalSection
EndGlobal
